<?xml version="1.0" encoding="utf-8"?>
<Project ToolsVersion="4.0" xmlns="http://schemas.microsoft.com/developer/msbuild/2003">
  <ItemGroup>
    <Filter Include="Pliki źródłowe">
      <UniqueIdentifier>{4FC737F1-C7A5-4376-A066-2A32D752A2FF}</UniqueIdentifier>
      <Extensions>cpp;c;cc;cxx;def;odl;idl;hpj;bat;asm;asmx</Extensions>
    </Filter>
    <Filter Include="Pliki nagłówkowe">
      <UniqueIdentifier>{93995380-89BD-4b04-88EB-625FBE52EBFB}</UniqueIdentifier>
      <Extensions>h;hh;hpp;hxx;hm;inl;inc;xsd</Extensions>
    </Filter>
    <Filter Include="Pliki zasobów">
      <UniqueIdentifier>{67DA6AB6-F800-4c08-8B7A-83BB121AAD01}</UniqueIdentifier>
      <Extensions>rc;ico;cur;bmp;dlg;rc2;rct;bin;rgs;gif;jpg;jpeg;jpe;resx;tiff;tif;png;wav;mfcribbon-ms</Extensions>
    </Filter>
  </ItemGroup>
  <ItemGroup>
    <ClInclude Include="fraktal.h">
      <Filter>Pliki nagłówkowe</Filter>
    </ClInclude>
  </ItemGroup>
  <ItemGroup>
    <ClCompile Include="algorytm.c">
      <Filter>Pliki źródłowe</Filter>
    </ClCompile>
    <ClCompile Include="czytaj_plik.c">
      <Filter>Pliki źródłowe</Filter>
    </ClCompile>
    <ClCompile Include="drukuj_do_pliku_bmp.c">
      <Filter>Pliki źródłowe</Filter>
    </ClCompile>
    <ClCompile Include="drukuj_do_pliku_ppm.c">
      <Filter>Pliki źródłowe</Filter>
    </ClCompile>
    <ClCompile Include="help.c">
      <Filter>Pliki źródłowe</Filter>
    </ClCompile>
    <ClCompile Include="help_plik.c">
      <Filter>Pliki źródłowe</Filter>
    </ClCompile>
    <ClCompile Include="losuj_liczbe.c">
      <Filter>Pliki źródłowe</Filter>
    </ClCompile>
    <ClCompile Include="main.c">
      <Filter>Pliki źródłowe</Filter>
    </ClCompile>
    <ClCompile Include="stworz_element.c">
      <Filter>Pliki źródłowe</Filter>
    </ClCompile>
    <ClCompile Include="usun_liste.c">
      <Filter>Pliki źródłowe</Filter>
    </ClCompile>
    <ClCompile Include="wyczysc_tablice.c">
      <Filter>Pliki źródłowe</Filter>
    </ClCompile>
    <ClCompile Include="zainicjuj_tablice.c">
      <Filter>Pliki źródłowe</Filter>
    </ClCompile>
  </ItemGroup>
</Project>